
Microsoft Visual Studio Solution File, Format Version 12.00
# Visual Studio Version 17
VisualStudioVersion = 17.4.33110.190
MinimumVisualStudioVersion = 10.0.40219.1
Project("{FAE04EC0-301F-11D3-BF4B-00C04F79EFBC}") = "VariableExampleCsharp", "VariableExampleCsharp\VariableExampleCsharp.csproj", "{4C3BB6AB-B32B-4EC5-B949-67052FF3A36B}"
EndProject
Global
	GlobalSection(SolutionConfigurationPlatforms) = preSolution
		Debug|Any CPU = Debug|Any CPU
		Release|Any CPU = Release|Any CPU
	EndGlobalSection
	GlobalSection(ProjectConfigurationPlatforms) = postSolution
		{4C3BB6AB-B32B-4EC5-B949-67052FF3A36B}.Debug|Any CPU.ActiveCfg = Debug|Any CPU
		{4C3BB6AB-B32B-4EC5-B949-67052FF3A36B}.Debug|Any CPU.Build.0 = Debug|Any CPU
		{4C3BB6AB-B32B-4EC5-B949-67052FF3A36B}.Release|Any CPU.ActiveCfg = Release|Any CPU
		{4C3BB6AB-B32B-4EC5-B949-67052FF3A36B}.Release|Any CPU.Build.0 = Release|Any CPU
	EndGlobalSection
	GlobalSection(SolutionProperties) = preSolution
		HideSolutionNode = FALSE
	EndGlobalSection
	GlobalSection(ExtensibilityGlobals) = postSolution
		SolutionGuid = {66C2FF9A-C6F5-40A9-9DB2-C217F1449B24}
	EndGlobalSection
EndGlobal
